// !$*UTF8*$!
{
	archiveVersion = 1;
	classes = {
	};
	objectVersion = 50;
	objects = {

/* Begin PBXBuildFile section */
		2C8DBE9826018C21004939D3 /* MainTabBarController.swift in Sources */ = {isa = PBXBuildFile; fileRef = 2C8DBE9726018C21004939D3 /* MainTabBarController.swift */; };
		2C8DBE9C26018E4B004939D3 /* HeroesFactory.swift in Sources */ = {isa = PBXBuildFile; fileRef = 2C8DBE9B26018E4B004939D3 /* HeroesFactory.swift */; };
		2C8DBEB626019392004939D3 /* FavoriteHeroesFactory.swift in Sources */ = {isa = PBXBuildFile; fileRef = 2C8DBEB526019392004939D3 /* FavoriteHeroesFactory.swift */; };
		2C8DBEBA2601953C004939D3 /* HeroDetailsFactory.swift in Sources */ = {isa = PBXBuildFile; fileRef = 2C8DBEB92601953C004939D3 /* HeroDetailsFactory.swift */; };
		2C8DBEC226019680004939D3 /* HeroDetailsRouter.swift in Sources */ = {isa = PBXBuildFile; fileRef = 2C8DBEC126019680004939D3 /* HeroDetailsRouter.swift */; };
		2C8DBEC626019A3F004939D3 /* ViewSetupLayoutProtocol.swift in Sources */ = {isa = PBXBuildFile; fileRef = 2C8DBEC526019A3F004939D3 /* ViewSetupLayoutProtocol.swift */; };
		2C8DBED426019DF6004939D3 /* Localizable.strings in Resources */ = {isa = PBXBuildFile; fileRef = 2C8DBED326019DF6004939D3 /* Localizable.strings */; };
		5835F6752495724700549FD0 /* HeroesError.swift in Sources */ = {isa = PBXBuildFile; fileRef = 5835F6742495724700549FD0 /* HeroesError.swift */; };
		583E03A024992AEA00A23CC2 /* FavoriteHeroesViewScreen.swift in Sources */ = {isa = PBXBuildFile; fileRef = 583E039F24992AEA00A23CC2 /* FavoriteHeroesViewScreen.swift */; };
		584BAFFB249862E600F27260 /* HeroData.swift in Sources */ = {isa = PBXBuildFile; fileRef = 584BAFFA249862E600F27260 /* HeroData.swift */; };
		584BB0012498696A00F27260 /* DatabaseHelper.swift in Sources */ = {isa = PBXBuildFile; fileRef = 584BB0002498696A00F27260 /* DatabaseHelper.swift */; };
		5852BC75249B0B6F00489638 /* HeroesViewControllerTests.swift in Sources */ = {isa = PBXBuildFile; fileRef = 5852BC71249B0B6F00489638 /* HeroesViewControllerTests.swift */; };
		5852BC76249B0B6F00489638 /* HeroesInteractorTests.swift in Sources */ = {isa = PBXBuildFile; fileRef = 5852BC72249B0B6F00489638 /* HeroesInteractorTests.swift */; };
		5852BC77249B0B6F00489638 /* HeroesWorkerTests.swift in Sources */ = {isa = PBXBuildFile; fileRef = 5852BC73249B0B6F00489638 /* HeroesWorkerTests.swift */; };
		5852BC78249B0B6F00489638 /* HeroesPresenterTests.swift in Sources */ = {isa = PBXBuildFile; fileRef = 5852BC74249B0B6F00489638 /* HeroesPresenterTests.swift */; };
		5852BC7B249B0CC200489638 /* HeroesViewControllerSpy.swift in Sources */ = {isa = PBXBuildFile; fileRef = 5852BC7A249B0CC200489638 /* HeroesViewControllerSpy.swift */; };
		5852BC7E249B0CD800489638 /* HeroesInteractorSpy.swift in Sources */ = {isa = PBXBuildFile; fileRef = 5852BC7D249B0CD800489638 /* HeroesInteractorSpy.swift */; };
		5852BC80249B0CEA00489638 /* HeroesPresenterSpy.swift in Sources */ = {isa = PBXBuildFile; fileRef = 5852BC7F249B0CEA00489638 /* HeroesPresenterSpy.swift */; };
		5852BC82249BA1A500489638 /* HeroesWorkerSpy.swift in Sources */ = {isa = PBXBuildFile; fileRef = 5852BC81249BA1A500489638 /* HeroesWorkerSpy.swift */; };
		5852BC90249BA95700489638 /* FavoriteHeroesViewControllerTests.swift in Sources */ = {isa = PBXBuildFile; fileRef = 5852BC8C249BA95700489638 /* FavoriteHeroesViewControllerTests.swift */; };
		5852BC91249BA95700489638 /* FavoriteHeroesInteractorTests.swift in Sources */ = {isa = PBXBuildFile; fileRef = 5852BC8D249BA95700489638 /* FavoriteHeroesInteractorTests.swift */; };
		5852BC93249BA95700489638 /* FavoriteHeroesPresenterTests.swift in Sources */ = {isa = PBXBuildFile; fileRef = 5852BC8F249BA95700489638 /* FavoriteHeroesPresenterTests.swift */; };
		5852BC95249BA9C500489638 /* FavoriteHeroesInteractorSpy.swift in Sources */ = {isa = PBXBuildFile; fileRef = 5852BC94249BA9C500489638 /* FavoriteHeroesInteractorSpy.swift */; };
		5852BC98249BAA7E00489638 /* FavoriteHeroesPresenterSpy.swift in Sources */ = {isa = PBXBuildFile; fileRef = 5852BC97249BAA7E00489638 /* FavoriteHeroesPresenterSpy.swift */; };
		5852BC9A249BAB0100489638 /* FavoriteHeroesViewControllerSpy.swift in Sources */ = {isa = PBXBuildFile; fileRef = 5852BC99249BAB0100489638 /* FavoriteHeroesViewControllerSpy.swift */; };
		5852BC9F249BAF1D00489638 /* HeroDetailsViewControllerTests.swift in Sources */ = {isa = PBXBuildFile; fileRef = 5852BC9B249BAF1D00489638 /* HeroDetailsViewControllerTests.swift */; };
		5852BCA0249BAF1D00489638 /* HeroDetailsInteractorTests.swift in Sources */ = {isa = PBXBuildFile; fileRef = 5852BC9C249BAF1D00489638 /* HeroDetailsInteractorTests.swift */; };
		5852BCA1249BAF1D00489638 /* HeroDetailsWorkerTests.swift in Sources */ = {isa = PBXBuildFile; fileRef = 5852BC9D249BAF1D00489638 /* HeroDetailsWorkerTests.swift */; };
		5852BCA2249BAF1D00489638 /* HeroDetailsPresenterTests.swift in Sources */ = {isa = PBXBuildFile; fileRef = 5852BC9E249BAF1D00489638 /* HeroDetailsPresenterTests.swift */; };
		5852BCA5249BAF3A00489638 /* HeroDetailsPresenterSpy.swift in Sources */ = {isa = PBXBuildFile; fileRef = 5852BCA4249BAF3A00489638 /* HeroDetailsPresenterSpy.swift */; };
		5852BCA8249BAFDC00489638 /* HeroDetailsInteractorSpy.swift in Sources */ = {isa = PBXBuildFile; fileRef = 5852BCA7249BAFDC00489638 /* HeroDetailsInteractorSpy.swift */; };
		5852BCAA249BB09800489638 /* HeroDetailsViewControllerSpy.swift in Sources */ = {isa = PBXBuildFile; fileRef = 5852BCA9249BB09800489638 /* HeroDetailsViewControllerSpy.swift */; };
		5852BCAC249BB12500489638 /* HeroDetailsWorkerSpy.swift in Sources */ = {isa = PBXBuildFile; fileRef = 5852BCAB249BB12500489638 /* HeroDetailsWorkerSpy.swift */; };
		5853D7302495B3F8008D04D2 /* HeroesViewScreen.swift in Sources */ = {isa = PBXBuildFile; fileRef = 5853D72F2495B3F8008D04D2 /* HeroesViewScreen.swift */; };
		5853D7332495B47E008D04D2 /* HeroesTableViewCell.swift in Sources */ = {isa = PBXBuildFile; fileRef = 5853D7322495B47E008D04D2 /* HeroesTableViewCell.swift */; };
		585589882497137A004A42B2 /* HeroDetailsPresenter.swift in Sources */ = {isa = PBXBuildFile; fileRef = 585589822497137A004A42B2 /* HeroDetailsPresenter.swift */; };
		585589892497137A004A42B2 /* HeroDetailsWorker.swift in Sources */ = {isa = PBXBuildFile; fileRef = 585589832497137A004A42B2 /* HeroDetailsWorker.swift */; };
		5855898B2497137A004A42B2 /* HeroDetailsModels.swift in Sources */ = {isa = PBXBuildFile; fileRef = 585589852497137A004A42B2 /* HeroDetailsModels.swift */; };
		5855898C2497137A004A42B2 /* HeroDetailsViewController.swift in Sources */ = {isa = PBXBuildFile; fileRef = 585589862497137A004A42B2 /* HeroDetailsViewController.swift */; };
		5855898D2497137A004A42B2 /* HeroDetailsInteractor.swift in Sources */ = {isa = PBXBuildFile; fileRef = 585589872497137A004A42B2 /* HeroDetailsInteractor.swift */; };
		5855898F24971536004A42B2 /* HeroDetailsViewScreen.swift in Sources */ = {isa = PBXBuildFile; fileRef = 5855898E24971536004A42B2 /* HeroDetailsViewScreen.swift */; };
		586F54EE2495129900CFC0B4 /* AppDelegate.swift in Sources */ = {isa = PBXBuildFile; fileRef = 586F54ED2495129900CFC0B4 /* AppDelegate.swift */; };
		586F54F02495129900CFC0B4 /* SceneDelegate.swift in Sources */ = {isa = PBXBuildFile; fileRef = 586F54EF2495129900CFC0B4 /* SceneDelegate.swift */; };
		586F54F72495129F00CFC0B4 /* Assets.xcassets in Resources */ = {isa = PBXBuildFile; fileRef = 586F54F62495129F00CFC0B4 /* Assets.xcassets */; };
		586F54FA2495129F00CFC0B4 /* LaunchScreen.storyboard in Resources */ = {isa = PBXBuildFile; fileRef = 586F54F82495129F00CFC0B4 /* LaunchScreen.storyboard */; };
		586F55232495199200CFC0B4 /* HeroesPresenter.swift in Sources */ = {isa = PBXBuildFile; fileRef = 586F551D2495199200CFC0B4 /* HeroesPresenter.swift */; };
		586F55242495199200CFC0B4 /* HeroesWorker.swift in Sources */ = {isa = PBXBuildFile; fileRef = 586F551E2495199200CFC0B4 /* HeroesWorker.swift */; };
		586F55252495199200CFC0B4 /* HeroesRouter.swift in Sources */ = {isa = PBXBuildFile; fileRef = 586F551F2495199200CFC0B4 /* HeroesRouter.swift */; };
		586F55262495199200CFC0B4 /* HeroesModels.swift in Sources */ = {isa = PBXBuildFile; fileRef = 586F55202495199200CFC0B4 /* HeroesModels.swift */; };
		586F55272495199200CFC0B4 /* HeroesViewController.swift in Sources */ = {isa = PBXBuildFile; fileRef = 586F55212495199200CFC0B4 /* HeroesViewController.swift */; };
		586F55282495199200CFC0B4 /* HeroesInteractor.swift in Sources */ = {isa = PBXBuildFile; fileRef = 586F55222495199200CFC0B4 /* HeroesInteractor.swift */; };
		586F5531249519EA00CFC0B4 /* FavoriteHeroesPresenter.swift in Sources */ = {isa = PBXBuildFile; fileRef = 586F552B249519EA00CFC0B4 /* FavoriteHeroesPresenter.swift */; };
		586F5534249519EA00CFC0B4 /* FavoriteHeroesModels.swift in Sources */ = {isa = PBXBuildFile; fileRef = 586F552E249519EA00CFC0B4 /* FavoriteHeroesModels.swift */; };
		586F5535249519EA00CFC0B4 /* FavoriteHeroesViewController.swift in Sources */ = {isa = PBXBuildFile; fileRef = 586F552F249519EA00CFC0B4 /* FavoriteHeroesViewController.swift */; };
		586F5536249519EA00CFC0B4 /* FavoriteHeroesInteractor.swift in Sources */ = {isa = PBXBuildFile; fileRef = 586F5530249519EA00CFC0B4 /* FavoriteHeroesInteractor.swift */; };
		586F553E2495619600CFC0B4 /* String+Extension.swift in Sources */ = {isa = PBXBuildFile; fileRef = 586F553D2495619600CFC0B4 /* String+Extension.swift */; };
		586F554124956FBF00CFC0B4 /* MarvelInfo.swift in Sources */ = {isa = PBXBuildFile; fileRef = 586F554024956FBF00CFC0B4 /* MarvelInfo.swift */; };
		5898CE15249876A300C1F52C /* HeroDataModel.xcdatamodeld in Sources */ = {isa = PBXBuildFile; fileRef = 584BAFFC2498689B00F27260 /* HeroDataModel.xcdatamodeld */; };
		589A1274249BE1CE0088DC07 /* DatabaseHelperTests.swift in Sources */ = {isa = PBXBuildFile; fileRef = 589A1273249BE1CE0088DC07 /* DatabaseHelperTests.swift */; };
		58C743B72497C7B7008403CD /* ErrorView.swift in Sources */ = {isa = PBXBuildFile; fileRef = 58C743B62497C7B7008403CD /* ErrorView.swift */; };
		58FBCA32249AC77C001D0589 /* FavoriteHeroesTableViewCell.swift in Sources */ = {isa = PBXBuildFile; fileRef = 58FBCA31249AC77B001D0589 /* FavoriteHeroesTableViewCell.swift */; };
/* End PBXBuildFile section */

/* Begin PBXContainerItemProxy section */
		586F55012495129F00CFC0B4 /* PBXContainerItemProxy */ = {
			isa = PBXContainerItemProxy;
			containerPortal = 586F54E22495129900CFC0B4 /* Project object */;
			proxyType = 1;
			remoteGlobalIDString = 586F54E92495129900CFC0B4;
			remoteInfo = MarvelHeroes;
		};
/* End PBXContainerItemProxy section */

/* Begin PBXFileReference section */
		2C8DBE9726018C21004939D3 /* MainTabBarController.swift */ = {isa = PBXFileReference; lastKnownFileType = sourcecode.swift; path = MainTabBarController.swift; sourceTree = "<group>"; };
		2C8DBE9B26018E4B004939D3 /* HeroesFactory.swift */ = {isa = PBXFileReference; lastKnownFileType = sourcecode.swift; path = HeroesFactory.swift; sourceTree = "<group>"; };
		2C8DBEB526019392004939D3 /* FavoriteHeroesFactory.swift */ = {isa = PBXFileReference; lastKnownFileType = sourcecode.swift; path = FavoriteHeroesFactory.swift; sourceTree = "<group>"; };
		2C8DBEB92601953C004939D3 /* HeroDetailsFactory.swift */ = {isa = PBXFileReference; lastKnownFileType = sourcecode.swift; path = HeroDetailsFactory.swift; sourceTree = "<group>"; };
		2C8DBEC126019680004939D3 /* HeroDetailsRouter.swift */ = {isa = PBXFileReference; fileEncoding = 4; lastKnownFileType = sourcecode.swift; path = HeroDetailsRouter.swift; sourceTree = "<group>"; };
		2C8DBEC526019A3F004939D3 /* ViewSetupLayoutProtocol.swift */ = {isa = PBXFileReference; lastKnownFileType = sourcecode.swift; path = ViewSetupLayoutProtocol.swift; sourceTree = "<group>"; };
		2C8DBED326019DF6004939D3 /* Localizable.strings */ = {isa = PBXFileReference; lastKnownFileType = text.plist.strings; path = Localizable.strings; sourceTree = "<group>"; };
		5835F6742495724700549FD0 /* HeroesError.swift */ = {isa = PBXFileReference; lastKnownFileType = sourcecode.swift; path = HeroesError.swift; sourceTree = "<group>"; };
		583E039F24992AEA00A23CC2 /* FavoriteHeroesViewScreen.swift */ = {isa = PBXFileReference; lastKnownFileType = sourcecode.swift; path = FavoriteHeroesViewScreen.swift; sourceTree = "<group>"; };
		584BAFFA249862E600F27260 /* HeroData.swift */ = {isa = PBXFileReference; lastKnownFileType = sourcecode.swift; path = HeroData.swift; sourceTree = "<group>"; };
		584BAFFD2498689B00F27260 /* HeroDataModel.xcdatamodel */ = {isa = PBXFileReference; lastKnownFileType = wrapper.xcdatamodel; path = HeroDataModel.xcdatamodel; sourceTree = "<group>"; };
		584BB0002498696A00F27260 /* DatabaseHelper.swift */ = {isa = PBXFileReference; lastKnownFileType = sourcecode.swift; path = DatabaseHelper.swift; sourceTree = "<group>"; };
		5852BC71249B0B6F00489638 /* HeroesViewControllerTests.swift */ = {isa = PBXFileReference; lastKnownFileType = sourcecode.swift; path = HeroesViewControllerTests.swift; sourceTree = "<group>"; };
		5852BC72249B0B6F00489638 /* HeroesInteractorTests.swift */ = {isa = PBXFileReference; lastKnownFileType = sourcecode.swift; path = HeroesInteractorTests.swift; sourceTree = "<group>"; };
		5852BC73249B0B6F00489638 /* HeroesWorkerTests.swift */ = {isa = PBXFileReference; lastKnownFileType = sourcecode.swift; path = HeroesWorkerTests.swift; sourceTree = "<group>"; };
		5852BC74249B0B6F00489638 /* HeroesPresenterTests.swift */ = {isa = PBXFileReference; lastKnownFileType = sourcecode.swift; path = HeroesPresenterTests.swift; sourceTree = "<group>"; };
		5852BC7A249B0CC200489638 /* HeroesViewControllerSpy.swift */ = {isa = PBXFileReference; lastKnownFileType = sourcecode.swift; path = HeroesViewControllerSpy.swift; sourceTree = "<group>"; };
		5852BC7D249B0CD800489638 /* HeroesInteractorSpy.swift */ = {isa = PBXFileReference; lastKnownFileType = sourcecode.swift; path = HeroesInteractorSpy.swift; sourceTree = "<group>"; };
		5852BC7F249B0CEA00489638 /* HeroesPresenterSpy.swift */ = {isa = PBXFileReference; lastKnownFileType = sourcecode.swift; path = HeroesPresenterSpy.swift; sourceTree = "<group>"; };
		5852BC81249BA1A500489638 /* HeroesWorkerSpy.swift */ = {isa = PBXFileReference; lastKnownFileType = sourcecode.swift; path = HeroesWorkerSpy.swift; sourceTree = "<group>"; };
		5852BC8C249BA95700489638 /* FavoriteHeroesViewControllerTests.swift */ = {isa = PBXFileReference; lastKnownFileType = sourcecode.swift; path = FavoriteHeroesViewControllerTests.swift; sourceTree = "<group>"; };
		5852BC8D249BA95700489638 /* FavoriteHeroesInteractorTests.swift */ = {isa = PBXFileReference; lastKnownFileType = sourcecode.swift; path = FavoriteHeroesInteractorTests.swift; sourceTree = "<group>"; };
		5852BC8F249BA95700489638 /* FavoriteHeroesPresenterTests.swift */ = {isa = PBXFileReference; lastKnownFileType = sourcecode.swift; path = FavoriteHeroesPresenterTests.swift; sourceTree = "<group>"; };
		5852BC94249BA9C500489638 /* FavoriteHeroesInteractorSpy.swift */ = {isa = PBXFileReference; lastKnownFileType = sourcecode.swift; path = FavoriteHeroesInteractorSpy.swift; sourceTree = "<group>"; };
		5852BC97249BAA7E00489638 /* FavoriteHeroesPresenterSpy.swift */ = {isa = PBXFileReference; lastKnownFileType = sourcecode.swift; path = FavoriteHeroesPresenterSpy.swift; sourceTree = "<group>"; };
		5852BC99249BAB0100489638 /* FavoriteHeroesViewControllerSpy.swift */ = {isa = PBXFileReference; lastKnownFileType = sourcecode.swift; path = FavoriteHeroesViewControllerSpy.swift; sourceTree = "<group>"; };
		5852BC9B249BAF1D00489638 /* HeroDetailsViewControllerTests.swift */ = {isa = PBXFileReference; lastKnownFileType = sourcecode.swift; path = HeroDetailsViewControllerTests.swift; sourceTree = "<group>"; };
		5852BC9C249BAF1D00489638 /* HeroDetailsInteractorTests.swift */ = {isa = PBXFileReference; lastKnownFileType = sourcecode.swift; path = HeroDetailsInteractorTests.swift; sourceTree = "<group>"; };
		5852BC9D249BAF1D00489638 /* HeroDetailsWorkerTests.swift */ = {isa = PBXFileReference; lastKnownFileType = sourcecode.swift; path = HeroDetailsWorkerTests.swift; sourceTree = "<group>"; };
		5852BC9E249BAF1D00489638 /* HeroDetailsPresenterTests.swift */ = {isa = PBXFileReference; lastKnownFileType = sourcecode.swift; path = HeroDetailsPresenterTests.swift; sourceTree = "<group>"; };
		5852BCA4249BAF3A00489638 /* HeroDetailsPresenterSpy.swift */ = {isa = PBXFileReference; lastKnownFileType = sourcecode.swift; path = HeroDetailsPresenterSpy.swift; sourceTree = "<group>"; };
		5852BCA7249BAFDC00489638 /* HeroDetailsInteractorSpy.swift */ = {isa = PBXFileReference; lastKnownFileType = sourcecode.swift; path = HeroDetailsInteractorSpy.swift; sourceTree = "<group>"; };
		5852BCA9249BB09800489638 /* HeroDetailsViewControllerSpy.swift */ = {isa = PBXFileReference; lastKnownFileType = sourcecode.swift; path = HeroDetailsViewControllerSpy.swift; sourceTree = "<group>"; };
		5852BCAB249BB12500489638 /* HeroDetailsWorkerSpy.swift */ = {isa = PBXFileReference; lastKnownFileType = sourcecode.swift; path = HeroDetailsWorkerSpy.swift; sourceTree = "<group>"; };
		5853D72F2495B3F8008D04D2 /* HeroesViewScreen.swift */ = {isa = PBXFileReference; lastKnownFileType = sourcecode.swift; path = HeroesViewScreen.swift; sourceTree = "<group>"; };
		5853D7322495B47E008D04D2 /* HeroesTableViewCell.swift */ = {isa = PBXFileReference; lastKnownFileType = sourcecode.swift; path = HeroesTableViewCell.swift; sourceTree = "<group>"; };
		585589822497137A004A42B2 /* HeroDetailsPresenter.swift */ = {isa = PBXFileReference; lastKnownFileType = sourcecode.swift; path = HeroDetailsPresenter.swift; sourceTree = "<group>"; };
		585589832497137A004A42B2 /* HeroDetailsWorker.swift */ = {isa = PBXFileReference; lastKnownFileType = sourcecode.swift; path = HeroDetailsWorker.swift; sourceTree = "<group>"; };
		585589852497137A004A42B2 /* HeroDetailsModels.swift */ = {isa = PBXFileReference; lastKnownFileType = sourcecode.swift; path = HeroDetailsModels.swift; sourceTree = "<group>"; };
		585589862497137A004A42B2 /* HeroDetailsViewController.swift */ = {isa = PBXFileReference; lastKnownFileType = sourcecode.swift; path = HeroDetailsViewController.swift; sourceTree = "<group>"; };
		585589872497137A004A42B2 /* HeroDetailsInteractor.swift */ = {isa = PBXFileReference; lastKnownFileType = sourcecode.swift; path = HeroDetailsInteractor.swift; sourceTree = "<group>"; };
		5855898E24971536004A42B2 /* HeroDetailsViewScreen.swift */ = {isa = PBXFileReference; lastKnownFileType = sourcecode.swift; path = HeroDetailsViewScreen.swift; sourceTree = "<group>"; };
		586F54EA2495129900CFC0B4 /* MarvelHeroes.app */ = {isa = PBXFileReference; explicitFileType = wrapper.application; includeInIndex = 0; path = MarvelHeroes.app; sourceTree = BUILT_PRODUCTS_DIR; };
		586F54ED2495129900CFC0B4 /* AppDelegate.swift */ = {isa = PBXFileReference; lastKnownFileType = sourcecode.swift; path = AppDelegate.swift; sourceTree = "<group>"; };
		586F54EF2495129900CFC0B4 /* SceneDelegate.swift */ = {isa = PBXFileReference; lastKnownFileType = sourcecode.swift; path = SceneDelegate.swift; sourceTree = "<group>"; };
		586F54F62495129F00CFC0B4 /* Assets.xcassets */ = {isa = PBXFileReference; lastKnownFileType = folder.assetcatalog; path = Assets.xcassets; sourceTree = "<group>"; };
		586F54F92495129F00CFC0B4 /* Base */ = {isa = PBXFileReference; lastKnownFileType = file.storyboard; name = Base; path = Base.lproj/LaunchScreen.storyboard; sourceTree = "<group>"; };
		586F54FB2495129F00CFC0B4 /* Info.plist */ = {isa = PBXFileReference; lastKnownFileType = text.plist.xml; path = Info.plist; sourceTree = "<group>"; };
		586F55002495129F00CFC0B4 /* MarvelHeroesTests.xctest */ = {isa = PBXFileReference; explicitFileType = wrapper.cfbundle; includeInIndex = 0; path = MarvelHeroesTests.xctest; sourceTree = BUILT_PRODUCTS_DIR; };
		586F55062495129F00CFC0B4 /* Info.plist */ = {isa = PBXFileReference; lastKnownFileType = text.plist.xml; path = Info.plist; sourceTree = "<group>"; };
		586F551D2495199200CFC0B4 /* HeroesPresenter.swift */ = {isa = PBXFileReference; lastKnownFileType = sourcecode.swift; path = HeroesPresenter.swift; sourceTree = "<group>"; };
		586F551E2495199200CFC0B4 /* HeroesWorker.swift */ = {isa = PBXFileReference; lastKnownFileType = sourcecode.swift; path = HeroesWorker.swift; sourceTree = "<group>"; };
		586F551F2495199200CFC0B4 /* HeroesRouter.swift */ = {isa = PBXFileReference; lastKnownFileType = sourcecode.swift; path = HeroesRouter.swift; sourceTree = "<group>"; };
		586F55202495199200CFC0B4 /* HeroesModels.swift */ = {isa = PBXFileReference; lastKnownFileType = sourcecode.swift; path = HeroesModels.swift; sourceTree = "<group>"; };
		586F55212495199200CFC0B4 /* HeroesViewController.swift */ = {isa = PBXFileReference; lastKnownFileType = sourcecode.swift; path = HeroesViewController.swift; sourceTree = "<group>"; };
		586F55222495199200CFC0B4 /* HeroesInteractor.swift */ = {isa = PBXFileReference; lastKnownFileType = sourcecode.swift; path = HeroesInteractor.swift; sourceTree = "<group>"; };
		586F552B249519EA00CFC0B4 /* FavoriteHeroesPresenter.swift */ = {isa = PBXFileReference; lastKnownFileType = sourcecode.swift; path = FavoriteHeroesPresenter.swift; sourceTree = "<group>"; };
		586F552E249519EA00CFC0B4 /* FavoriteHeroesModels.swift */ = {isa = PBXFileReference; lastKnownFileType = sourcecode.swift; path = FavoriteHeroesModels.swift; sourceTree = "<group>"; };
		586F552F249519EA00CFC0B4 /* FavoriteHeroesViewController.swift */ = {isa = PBXFileReference; lastKnownFileType = sourcecode.swift; path = FavoriteHeroesViewController.swift; sourceTree = "<group>"; };
		586F5530249519EA00CFC0B4 /* FavoriteHeroesInteractor.swift */ = {isa = PBXFileReference; lastKnownFileType = sourcecode.swift; path = FavoriteHeroesInteractor.swift; sourceTree = "<group>"; };
		586F553D2495619600CFC0B4 /* String+Extension.swift */ = {isa = PBXFileReference; lastKnownFileType = sourcecode.swift; path = "String+Extension.swift"; sourceTree = "<group>"; };
		586F554024956FBF00CFC0B4 /* MarvelInfo.swift */ = {isa = PBXFileReference; lastKnownFileType = sourcecode.swift; path = MarvelInfo.swift; sourceTree = "<group>"; };
		589A1273249BE1CE0088DC07 /* DatabaseHelperTests.swift */ = {isa = PBXFileReference; lastKnownFileType = sourcecode.swift; path = DatabaseHelperTests.swift; sourceTree = "<group>"; };
		58C743B62497C7B7008403CD /* ErrorView.swift */ = {isa = PBXFileReference; lastKnownFileType = sourcecode.swift; path = ErrorView.swift; sourceTree = "<group>"; };
		58FBCA31249AC77B001D0589 /* FavoriteHeroesTableViewCell.swift */ = {isa = PBXFileReference; lastKnownFileType = sourcecode.swift; path = FavoriteHeroesTableViewCell.swift; sourceTree = "<group>"; };
/* End PBXFileReference section */

/* Begin PBXFrameworksBuildPhase section */
		586F54E72495129900CFC0B4 /* Frameworks */ = {
			isa = PBXFrameworksBuildPhase;
			buildActionMask = 2147483647;
			files = (
			);
			runOnlyForDeploymentPostprocessing = 0;
		};
		586F54FD2495129F00CFC0B4 /* Frameworks */ = {
			isa = PBXFrameworksBuildPhase;
			buildActionMask = 2147483647;
			files = (
			);
			runOnlyForDeploymentPostprocessing = 0;
		};
/* End PBXFrameworksBuildPhase section */

/* Begin PBXGroup section */
		2C8DBEC926019A46004939D3 /* Protocols */ = {
			isa = PBXGroup;
			children = (
				2C8DBEC526019A3F004939D3 /* ViewSetupLayoutProtocol.swift */,
			);
			path = Protocols;
			sourceTree = "<group>";
		};
		2C8DBEDB2601A4C0004939D3 /* Localizable */ = {
			isa = PBXGroup;
			children = (
				2C8DBED326019DF6004939D3 /* Localizable.strings */,
			);
			path = Localizable;
			sourceTree = "<group>";
		};
		5835F6762495724E00549FD0 /* Commons */ = {
			isa = PBXGroup;
			children = (
				586F553F2495619A00CFC0B4 /* Extensions */,
				5835F677249573F300549FD0 /* Error */,
				58C743B82497C7BC008403CD /* View */,
				2C8DBEC926019A46004939D3 /* Protocols */,
				2C8DBEDB2601A4C0004939D3 /* Localizable */,
			);
			path = Commons;
			sourceTree = "<group>";
		};
		5835F677249573F300549FD0 /* Error */ = {
			isa = PBXGroup;
			children = (
				5835F6742495724700549FD0 /* HeroesError.swift */,
			);
			path = Error;
			sourceTree = "<group>";
		};
		584BAFFF249868A200F27260 /* Core Data */ = {
			isa = PBXGroup;
			children = (
				584BAFFC2498689B00F27260 /* HeroDataModel.xcdatamodeld */,
				584BB0002498696A00F27260 /* DatabaseHelper.swift */,
			);
			path = "Core Data";
			sourceTree = "<group>";
		};
		585042E8249682E20075A34A /* HeroDetails */ = {
			isa = PBXGroup;
			children = (
				585589822497137A004A42B2 /* HeroDetailsPresenter.swift */,
				585589832497137A004A42B2 /* HeroDetailsWorker.swift */,
				585589852497137A004A42B2 /* HeroDetailsModels.swift */,
				585589862497137A004A42B2 /* HeroDetailsViewController.swift */,
				2C8DBEC126019680004939D3 /* HeroDetailsRouter.swift */,
				585589872497137A004A42B2 /* HeroDetailsInteractor.swift */,
				2C8DBEB92601953C004939D3 /* HeroDetailsFactory.swift */,
				585589902497153F004A42B2 /* View */,
			);
			path = HeroDetails;
			sourceTree = "<group>";
		};
		5852BC79249B0C5700489638 /* HeroesTests */ = {
			isa = PBXGroup;
			children = (
				5852BC71249B0B6F00489638 /* HeroesViewControllerTests.swift */,
				5852BC72249B0B6F00489638 /* HeroesInteractorTests.swift */,
				5852BC73249B0B6F00489638 /* HeroesWorkerTests.swift */,
				5852BC74249B0B6F00489638 /* HeroesPresenterTests.swift */,
				5852BC7C249B0CC600489638 /* Spies */,
			);
			path = HeroesTests;
			sourceTree = "<group>";
		};
		5852BC7C249B0CC600489638 /* Spies */ = {
			isa = PBXGroup;
			children = (
				5852BC7A249B0CC200489638 /* HeroesViewControllerSpy.swift */,
				5852BC7D249B0CD800489638 /* HeroesInteractorSpy.swift */,
				5852BC7F249B0CEA00489638 /* HeroesPresenterSpy.swift */,
				5852BC81249BA1A500489638 /* HeroesWorkerSpy.swift */,
			);
			path = Spies;
			sourceTree = "<group>";
		};
		5852BC8B249BA87300489638 /* FavoriteHeroesTests */ = {
			isa = PBXGroup;
			children = (
				5852BC8C249BA95700489638 /* FavoriteHeroesViewControllerTests.swift */,
				5852BC8D249BA95700489638 /* FavoriteHeroesInteractorTests.swift */,
				5852BC8F249BA95700489638 /* FavoriteHeroesPresenterTests.swift */,
				5852BC96249BAA2B00489638 /* Spies */,
			);
			path = FavoriteHeroesTests;
			sourceTree = "<group>";
		};
		5852BC96249BAA2B00489638 /* Spies */ = {
			isa = PBXGroup;
			children = (
				5852BC94249BA9C500489638 /* FavoriteHeroesInteractorSpy.swift */,
				5852BC97249BAA7E00489638 /* FavoriteHeroesPresenterSpy.swift */,
				5852BC99249BAB0100489638 /* FavoriteHeroesViewControllerSpy.swift */,
			);
			path = Spies;
			sourceTree = "<group>";
		};
		5852BCA3249BAF2200489638 /* HeroDetailsTests */ = {
			isa = PBXGroup;
			children = (
				5852BC9B249BAF1D00489638 /* HeroDetailsViewControllerTests.swift */,
				5852BC9C249BAF1D00489638 /* HeroDetailsInteractorTests.swift */,
				5852BC9D249BAF1D00489638 /* HeroDetailsWorkerTests.swift */,
				5852BC9E249BAF1D00489638 /* HeroDetailsPresenterTests.swift */,
				5852BCA6249BAF3D00489638 /* Spies */,
			);
			path = HeroDetailsTests;
			sourceTree = "<group>";
		};
		5852BCA6249BAF3D00489638 /* Spies */ = {
			isa = PBXGroup;
			children = (
				5852BCA4249BAF3A00489638 /* HeroDetailsPresenterSpy.swift */,
				5852BCA7249BAFDC00489638 /* HeroDetailsInteractorSpy.swift */,
				5852BCA9249BB09800489638 /* HeroDetailsViewControllerSpy.swift */,
				5852BCAB249BB12500489638 /* HeroDetailsWorkerSpy.swift */,
			);
			path = Spies;
			sourceTree = "<group>";
		};
		5853D7312495B3FD008D04D2 /* View */ = {
			isa = PBXGroup;
			children = (
				5853D72F2495B3F8008D04D2 /* HeroesViewScreen.swift */,
				5853D7342495B482008D04D2 /* Cell */,
			);
			path = View;
			sourceTree = "<group>";
		};
		5853D7342495B482008D04D2 /* Cell */ = {
			isa = PBXGroup;
			children = (
				5853D7322495B47E008D04D2 /* HeroesTableViewCell.swift */,
			);
			path = Cell;
			sourceTree = "<group>";
		};
		585589902497153F004A42B2 /* View */ = {
			isa = PBXGroup;
			children = (
				5855898E24971536004A42B2 /* HeroDetailsViewScreen.swift */,
			);
			path = View;
			sourceTree = "<group>";
		};
		586F54E12495129900CFC0B4 = {
			isa = PBXGroup;
			children = (
				586F54EC2495129900CFC0B4 /* MarvelHeroes */,
				586F55032495129F00CFC0B4 /* MarvelHeroesTests */,
				586F54EB2495129900CFC0B4 /* Products */,
			);
			sourceTree = "<group>";
		};
		586F54EB2495129900CFC0B4 /* Products */ = {
			isa = PBXGroup;
			children = (
				586F54EA2495129900CFC0B4 /* MarvelHeroes.app */,
				586F55002495129F00CFC0B4 /* MarvelHeroesTests.xctest */,
			);
			name = Products;
			sourceTree = "<group>";
		};
		586F54EC2495129900CFC0B4 /* MarvelHeroes */ = {
			isa = PBXGroup;
			children = (
				586F550F249514A800CFC0B4 /* App Start */,
				586F54FB2495129F00CFC0B4 /* Info.plist */,
				586F54F62495129F00CFC0B4 /* Assets.xcassets */,
				586F553A24951A4D00CFC0B4 /* View */,
				586F55292495199600CFC0B4 /* Scenes */,
				586F554224956FC400CFC0B4 /* Model */,
				5835F6762495724E00549FD0 /* Commons */,
			);
			path = MarvelHeroes;
			sourceTree = "<group>";
		};
		586F55032495129F00CFC0B4 /* MarvelHeroesTests */ = {
			isa = PBXGroup;
			children = (
				586F55062495129F00CFC0B4 /* Info.plist */,
				5852BC79249B0C5700489638 /* HeroesTests */,
				5852BC8B249BA87300489638 /* FavoriteHeroesTests */,
				5852BCA3249BAF2200489638 /* HeroDetailsTests */,
				589A1275249BE4B50088DC07 /* DatabaseHelperTests */,
			);
			path = MarvelHeroesTests;
			sourceTree = "<group>";
		};
		586F550F249514A800CFC0B4 /* App Start */ = {
			isa = PBXGroup;
			children = (
				586F54ED2495129900CFC0B4 /* AppDelegate.swift */,
				586F54EF2495129900CFC0B4 /* SceneDelegate.swift */,
			);
			path = "App Start";
			sourceTree = "<group>";
		};
		586F55292495199600CFC0B4 /* Scenes */ = {
			isa = PBXGroup;
			children = (
				586F552A249519AC00CFC0B4 /* Heroes */,
				586F5537249519EF00CFC0B4 /* FavoriteHeroes */,
				585042E8249682E20075A34A /* HeroDetails */,
			);
			path = Scenes;
			sourceTree = "<group>";
		};
		586F552A249519AC00CFC0B4 /* Heroes */ = {
			isa = PBXGroup;
			children = (
				586F551D2495199200CFC0B4 /* HeroesPresenter.swift */,
				586F551E2495199200CFC0B4 /* HeroesWorker.swift */,
				586F551F2495199200CFC0B4 /* HeroesRouter.swift */,
				586F55202495199200CFC0B4 /* HeroesModels.swift */,
				586F55212495199200CFC0B4 /* HeroesViewController.swift */,
				586F55222495199200CFC0B4 /* HeroesInteractor.swift */,
				2C8DBE9B26018E4B004939D3 /* HeroesFactory.swift */,
				5853D7312495B3FD008D04D2 /* View */,
			);
			path = Heroes;
			sourceTree = "<group>";
		};
		586F5537249519EF00CFC0B4 /* FavoriteHeroes */ = {
			isa = PBXGroup;
			children = (
				586F552B249519EA00CFC0B4 /* FavoriteHeroesPresenter.swift */,
				586F552E249519EA00CFC0B4 /* FavoriteHeroesModels.swift */,
				586F552F249519EA00CFC0B4 /* FavoriteHeroesViewController.swift */,
				586F5530249519EA00CFC0B4 /* FavoriteHeroesInteractor.swift */,
				2C8DBEB526019392004939D3 /* FavoriteHeroesFactory.swift */,
				58FBCA33249AC928001D0589 /* View */,
			);
			path = FavoriteHeroes;
			sourceTree = "<group>";
		};
		586F553A24951A4D00CFC0B4 /* View */ = {
			isa = PBXGroup;
			children = (
				586F54F82495129F00CFC0B4 /* LaunchScreen.storyboard */,
				2C8DBE9726018C21004939D3 /* MainTabBarController.swift */,
			);
			path = View;
			sourceTree = "<group>";
		};
		586F553F2495619A00CFC0B4 /* Extensions */ = {
			isa = PBXGroup;
			children = (
				586F553D2495619600CFC0B4 /* String+Extension.swift */,
			);
			path = Extensions;
			sourceTree = "<group>";
		};
		586F554224956FC400CFC0B4 /* Model */ = {
			isa = PBXGroup;
			children = (
				586F554024956FBF00CFC0B4 /* MarvelInfo.swift */,
				584BAFFA249862E600F27260 /* HeroData.swift */,
				584BAFFF249868A200F27260 /* Core Data */,
			);
			path = Model;
			sourceTree = "<group>";
		};
		589A1275249BE4B50088DC07 /* DatabaseHelperTests */ = {
			isa = PBXGroup;
			children = (
				589A1273249BE1CE0088DC07 /* DatabaseHelperTests.swift */,
			);
			path = DatabaseHelperTests;
			sourceTree = "<group>";
		};
		58C743B82497C7BC008403CD /* View */ = {
			isa = PBXGroup;
			children = (
				58C743B62497C7B7008403CD /* ErrorView.swift */,
			);
			path = View;
			sourceTree = "<group>";
		};
		58FBCA33249AC928001D0589 /* View */ = {
			isa = PBXGroup;
			children = (
				583E039F24992AEA00A23CC2 /* FavoriteHeroesViewScreen.swift */,
				58FBCA34249AC932001D0589 /* Cell */,
			);
			path = View;
			sourceTree = "<group>";
		};
		58FBCA34249AC932001D0589 /* Cell */ = {
			isa = PBXGroup;
			children = (
				58FBCA31249AC77B001D0589 /* FavoriteHeroesTableViewCell.swift */,
			);
			path = Cell;
			sourceTree = "<group>";
		};
/* End PBXGroup section */

/* Begin PBXNativeTarget section */
		586F54E92495129900CFC0B4 /* MarvelHeroes */ = {
			isa = PBXNativeTarget;
			buildConfigurationList = 586F55092495129F00CFC0B4 /* Build configuration list for PBXNativeTarget "MarvelHeroes" */;
			buildPhases = (
				586F54E62495129900CFC0B4 /* Sources */,
				586F54E72495129900CFC0B4 /* Frameworks */,
				586F54E82495129900CFC0B4 /* Resources */,
			);
			buildRules = (
			);
			dependencies = (
			);
			name = MarvelHeroes;
			productName = MarvelHeroes;
			productReference = 586F54EA2495129900CFC0B4 /* MarvelHeroes.app */;
			productType = "com.apple.product-type.application";
		};
		586F54FF2495129F00CFC0B4 /* MarvelHeroesTests */ = {
			isa = PBXNativeTarget;
			buildConfigurationList = 586F550C2495129F00CFC0B4 /* Build configuration list for PBXNativeTarget "MarvelHeroesTests" */;
			buildPhases = (
				586F54FC2495129F00CFC0B4 /* Sources */,
				586F54FD2495129F00CFC0B4 /* Frameworks */,
				586F54FE2495129F00CFC0B4 /* Resources */,
			);
			buildRules = (
			);
			dependencies = (
				586F55022495129F00CFC0B4 /* PBXTargetDependency */,
			);
			name = MarvelHeroesTests;
			productName = MarvelHeroesTests;
			productReference = 586F55002495129F00CFC0B4 /* MarvelHeroesTests.xctest */;
			productType = "com.apple.product-type.bundle.unit-test";
		};
/* End PBXNativeTarget section */

/* Begin PBXProject section */
		586F54E22495129900CFC0B4 /* Project object */ = {
			isa = PBXProject;
			attributes = {
				LastSwiftUpdateCheck = 1130;
				LastUpgradeCheck = 1130;
				ORGANIZATIONNAME = israel3D;
				TargetAttributes = {
					586F54E92495129900CFC0B4 = {
						CreatedOnToolsVersion = 11.3.1;
					};
					586F54FF2495129F00CFC0B4 = {
						CreatedOnToolsVersion = 11.3.1;
						TestTargetID = 586F54E92495129900CFC0B4;
					};
				};
			};
			buildConfigurationList = 586F54E52495129900CFC0B4 /* Build configuration list for PBXProject "MarvelHeroes" */;
			compatibilityVersion = "Xcode 9.3";
			developmentRegion = en;
			hasScannedForEncodings = 0;
			knownRegions = (
				en,
				Base,
			);
			mainGroup = 586F54E12495129900CFC0B4;
			productRefGroup = 586F54EB2495129900CFC0B4 /* Products */;
			projectDirPath = "";
			projectRoot = "";
			targets = (
				586F54E92495129900CFC0B4 /* MarvelHeroes */,
				586F54FF2495129F00CFC0B4 /* MarvelHeroesTests */,
			);
		};
/* End PBXProject section */

/* Begin PBXResourcesBuildPhase section */
		586F54E82495129900CFC0B4 /* Resources */ = {
			isa = PBXResourcesBuildPhase;
			buildActionMask = 2147483647;
			files = (
				586F54FA2495129F00CFC0B4 /* LaunchScreen.storyboard in Resources */,
				2C8DBED426019DF6004939D3 /* Localizable.strings in Resources */,
				586F54F72495129F00CFC0B4 /* Assets.xcassets in Resources */,
			);
			runOnlyForDeploymentPostprocessing = 0;
		};
		586F54FE2495129F00CFC0B4 /* Resources */ = {
			isa = PBXResourcesBuildPhase;
			buildActionMask = 2147483647;
			files = (
			);
			runOnlyForDeploymentPostprocessing = 0;
		};
/* End PBXResourcesBuildPhase section */

/* Begin PBXSourcesBuildPhase section */
		586F54E62495129900CFC0B4 /* Sources */ = {
			isa = PBXSourcesBuildPhase;
			buildActionMask = 2147483647;
			files = (
				586F54EE2495129900CFC0B4 /* AppDelegate.swift in Sources */,
				5855898B2497137A004A42B2 /* HeroDetailsModels.swift in Sources */,
				586F5536249519EA00CFC0B4 /* FavoriteHeroesInteractor.swift in Sources */,
				2C8DBEB626019392004939D3 /* FavoriteHeroesFactory.swift in Sources */,
				5898CE15249876A300C1F52C /* HeroDataModel.xcdatamodeld in Sources */,
				5855898C2497137A004A42B2 /* HeroDetailsViewController.swift in Sources */,
				586F55262495199200CFC0B4 /* HeroesModels.swift in Sources */,
				2C8DBEBA2601953C004939D3 /* HeroDetailsFactory.swift in Sources */,
				583E03A024992AEA00A23CC2 /* FavoriteHeroesViewScreen.swift in Sources */,
				58C743B72497C7B7008403CD /* ErrorView.swift in Sources */,
				586F5531249519EA00CFC0B4 /* FavoriteHeroesPresenter.swift in Sources */,
				586F5535249519EA00CFC0B4 /* FavoriteHeroesViewController.swift in Sources */,
				586F55282495199200CFC0B4 /* HeroesInteractor.swift in Sources */,
				5853D7302495B3F8008D04D2 /* HeroesViewScreen.swift in Sources */,
				2C8DBE9C26018E4B004939D3 /* HeroesFactory.swift in Sources */,
				5853D7332495B47E008D04D2 /* HeroesTableViewCell.swift in Sources */,
				585589892497137A004A42B2 /* HeroDetailsWorker.swift in Sources */,
				586F55242495199200CFC0B4 /* HeroesWorker.swift in Sources */,
				58FBCA32249AC77C001D0589 /* FavoriteHeroesTableViewCell.swift in Sources */,
				2C8DBEC226019680004939D3 /* HeroDetailsRouter.swift in Sources */,
				584BB0012498696A00F27260 /* DatabaseHelper.swift in Sources */,
				586F5534249519EA00CFC0B4 /* FavoriteHeroesModels.swift in Sources */,
				586F55272495199200CFC0B4 /* HeroesViewController.swift in Sources */,
				584BAFFB249862E600F27260 /* HeroData.swift in Sources */,
				585589882497137A004A42B2 /* HeroDetailsPresenter.swift in Sources */,
				586F54F02495129900CFC0B4 /* SceneDelegate.swift in Sources */,
				586F55252495199200CFC0B4 /* HeroesRouter.swift in Sources */,
				586F553E2495619600CFC0B4 /* String+Extension.swift in Sources */,
				5835F6752495724700549FD0 /* HeroesError.swift in Sources */,
				586F554124956FBF00CFC0B4 /* MarvelInfo.swift in Sources */,
				2C8DBEC626019A3F004939D3 /* ViewSetupLayoutProtocol.swift in Sources */,
				5855898D2497137A004A42B2 /* HeroDetailsInteractor.swift in Sources */,
				2C8DBE9826018C21004939D3 /* MainTabBarController.swift in Sources */,
				586F55232495199200CFC0B4 /* HeroesPresenter.swift in Sources */,
				5855898F24971536004A42B2 /* HeroDetailsViewScreen.swift in Sources */,
			);
			runOnlyForDeploymentPostprocessing = 0;
		};
		586F54FC2495129F00CFC0B4 /* Sources */ = {
			isa = PBXSourcesBuildPhase;
			buildActionMask = 2147483647;
			files = (
				5852BCA1249BAF1D00489638 /* HeroDetailsWorkerTests.swift in Sources */,
				5852BCA5249BAF3A00489638 /* HeroDetailsPresenterSpy.swift in Sources */,
				5852BC98249BAA7E00489638 /* FavoriteHeroesPresenterSpy.swift in Sources */,
				5852BC9F249BAF1D00489638 /* HeroDetailsViewControllerTests.swift in Sources */,
				5852BCA8249BAFDC00489638 /* HeroDetailsInteractorSpy.swift in Sources */,
				5852BC75249B0B6F00489638 /* HeroesViewControllerTests.swift in Sources */,
				5852BC78249B0B6F00489638 /* HeroesPresenterTests.swift in Sources */,
				5852BC9A249BAB0100489638 /* FavoriteHeroesViewControllerSpy.swift in Sources */,
				5852BC80249B0CEA00489638 /* HeroesPresenterSpy.swift in Sources */,
				5852BC90249BA95700489638 /* FavoriteHeroesViewControllerTests.swift in Sources */,
				5852BC7B249B0CC200489638 /* HeroesViewControllerSpy.swift in Sources */,
				5852BC93249BA95700489638 /* FavoriteHeroesPresenterTests.swift in Sources */,
				5852BC82249BA1A500489638 /* HeroesWorkerSpy.swift in Sources */,
				5852BCA0249BAF1D00489638 /* HeroDetailsInteractorTests.swift in Sources */,
				589A1274249BE1CE0088DC07 /* DatabaseHelperTests.swift in Sources */,
				5852BC91249BA95700489638 /* FavoriteHeroesInteractorTests.swift in Sources */,
				5852BCAC249BB12500489638 /* HeroDetailsWorkerSpy.swift in Sources */,
				5852BC7E249B0CD800489638 /* HeroesInteractorSpy.swift in Sources */,
				5852BC77249B0B6F00489638 /* HeroesWorkerTests.swift in Sources */,
				5852BCA2249BAF1D00489638 /* HeroDetailsPresenterTests.swift in Sources */,
				5852BCAA249BB09800489638 /* HeroDetailsViewControllerSpy.swift in Sources */,
				5852BC76249B0B6F00489638 /* HeroesInteractorTests.swift in Sources */,
				5852BC95249BA9C500489638 /* FavoriteHeroesInteractorSpy.swift in Sources */,
			);
			runOnlyForDeploymentPostprocessing = 0;
		};
/* End PBXSourcesBuildPhase section */

/* Begin PBXTargetDependency section */
		586F55022495129F00CFC0B4 /* PBXTargetDependency */ = {
			isa = PBXTargetDependency;
			target = 586F54E92495129900CFC0B4 /* MarvelHeroes */;
			targetProxy = 586F55012495129F00CFC0B4 /* PBXContainerItemProxy */;
		};
/* End PBXTargetDependency section */

/* Begin PBXVariantGroup section */
		586F54F82495129F00CFC0B4 /* LaunchScreen.storyboard */ = {
			isa = PBXVariantGroup;
			children = (
				586F54F92495129F00CFC0B4 /* Base */,
			);
			name = LaunchScreen.storyboard;
			sourceTree = "<group>";
		};
/* End PBXVariantGroup section */

/* Begin XCBuildConfiguration section */
		586F55072495129F00CFC0B4 /* Debug */ = {
			isa = XCBuildConfiguration;
			buildSettings = {
				ALWAYS_SEARCH_USER_PATHS = NO;
				CLANG_ANALYZER_NONNULL = YES;
				CLANG_ANALYZER_NUMBER_OBJECT_CONVERSION = YES_AGGRESSIVE;
				CLANG_CXX_LANGUAGE_STANDARD = "gnu++14";
				CLANG_CXX_LIBRARY = "libc++";
				CLANG_ENABLE_MODULES = YES;
				CLANG_ENABLE_OBJC_ARC = YES;
				CLANG_ENABLE_OBJC_WEAK = YES;
				CLANG_WARN_BLOCK_CAPTURE_AUTORELEASING = YES;
				CLANG_WARN_BOOL_CONVERSION = YES;
				CLANG_WARN_COMMA = YES;
				CLANG_WARN_CONSTANT_CONVERSION = YES;
				CLANG_WARN_DEPRECATED_OBJC_IMPLEMENTATIONS = YES;
				CLANG_WARN_DIRECT_OBJC_ISA_USAGE = YES_ERROR;
				CLANG_WARN_DOCUMENTATION_COMMENTS = YES;
				CLANG_WARN_EMPTY_BODY = YES;
				CLANG_WARN_ENUM_CONVERSION = YES;
				CLANG_WARN_INFINITE_RECURSION = YES;
				CLANG_WARN_INT_CONVERSION = YES;
				CLANG_WARN_NON_LITERAL_NULL_CONVERSION = YES;
				CLANG_WARN_OBJC_IMPLICIT_RETAIN_SELF = YES;
				CLANG_WARN_OBJC_LITERAL_CONVERSION = YES;
				CLANG_WARN_OBJC_ROOT_CLASS = YES_ERROR;
				CLANG_WARN_RANGE_LOOP_ANALYSIS = YES;
				CLANG_WARN_STRICT_PROTOTYPES = YES;
				CLANG_WARN_SUSPICIOUS_MOVE = YES;
				CLANG_WARN_UNGUARDED_AVAILABILITY = YES_AGGRESSIVE;
				CLANG_WARN_UNREACHABLE_CODE = YES;
				CLANG_WARN__DUPLICATE_METHOD_MATCH = YES;
				COPY_PHASE_STRIP = NO;
				DEBUG_INFORMATION_FORMAT = dwarf;
				ENABLE_STRICT_OBJC_MSGSEND = YES;
				ENABLE_TESTABILITY = YES;
				GCC_C_LANGUAGE_STANDARD = gnu11;
				GCC_DYNAMIC_NO_PIC = NO;
				GCC_NO_COMMON_BLOCKS = YES;
				GCC_OPTIMIZATION_LEVEL = 0;
				GCC_PREPROCESSOR_DEFINITIONS = (
					"DEBUG=1",
					"$(inherited)",
				);
				GCC_WARN_64_TO_32_BIT_CONVERSION = YES;
				GCC_WARN_ABOUT_RETURN_TYPE = YES_ERROR;
				GCC_WARN_UNDECLARED_SELECTOR = YES;
				GCC_WARN_UNINITIALIZED_AUTOS = YES_AGGRESSIVE;
				GCC_WARN_UNUSED_FUNCTION = YES;
				GCC_WARN_UNUSED_VARIABLE = YES;
				IPHONEOS_DEPLOYMENT_TARGET = 13.2;
				MTL_ENABLE_DEBUG_INFO = INCLUDE_SOURCE;
				MTL_FAST_MATH = YES;
				ONLY_ACTIVE_ARCH = YES;
				SDKROOT = iphoneos;
				SWIFT_ACTIVE_COMPILATION_CONDITIONS = DEBUG;
				SWIFT_OPTIMIZATION_LEVEL = "-Onone";
			};
			name = Debug;
		};
		586F55082495129F00CFC0B4 /* Release */ = {
			isa = XCBuildConfiguration;
			buildSettings = {
				ALWAYS_SEARCH_USER_PATHS = NO;
				CLANG_ANALYZER_NONNULL = YES;
				CLANG_ANALYZER_NUMBER_OBJECT_CONVERSION = YES_AGGRESSIVE;
				CLANG_CXX_LANGUAGE_STANDARD = "gnu++14";
				CLANG_CXX_LIBRARY = "libc++";
				CLANG_ENABLE_MODULES = YES;
				CLANG_ENABLE_OBJC_ARC = YES;
				CLANG_ENABLE_OBJC_WEAK = YES;
				CLANG_WARN_BLOCK_CAPTURE_AUTORELEASING = YES;
				CLANG_WARN_BOOL_CONVERSION = YES;
				CLANG_WARN_COMMA = YES;
				CLANG_WARN_CONSTANT_CONVERSION = YES;
				CLANG_WARN_DEPRECATED_OBJC_IMPLEMENTATIONS = YES;
				CLANG_WARN_DIRECT_OBJC_ISA_USAGE = YES_ERROR;
				CLANG_WARN_DOCUMENTATION_COMMENTS = YES;
				CLANG_WARN_EMPTY_BODY = YES;
				CLANG_WARN_ENUM_CONVERSION = YES;
				CLANG_WARN_INFINITE_RECURSION = YES;
				CLANG_WARN_INT_CONVERSION = YES;
				CLANG_WARN_NON_LITERAL_NULL_CONVERSION = YES;
				CLANG_WARN_OBJC_IMPLICIT_RETAIN_SELF = YES;
				CLANG_WARN_OBJC_LITERAL_CONVERSION = YES;
				CLANG_WARN_OBJC_ROOT_CLASS = YES_ERROR;
				CLANG_WARN_RANGE_LOOP_ANALYSIS = YES;
				CLANG_WARN_STRICT_PROTOTYPES = YES;
				CLANG_WARN_SUSPICIOUS_MOVE = YES;
				CLANG_WARN_UNGUARDED_AVAILABILITY = YES_AGGRESSIVE;
				CLANG_WARN_UNREACHABLE_CODE = YES;
				CLANG_WARN__DUPLICATE_METHOD_MATCH = YES;
				COPY_PHASE_STRIP = NO;
				DEBUG_INFORMATION_FORMAT = "dwarf-with-dsym";
				ENABLE_NS_ASSERTIONS = NO;
				ENABLE_STRICT_OBJC_MSGSEND = YES;
				GCC_C_LANGUAGE_STANDARD = gnu11;
				GCC_NO_COMMON_BLOCKS = YES;
				GCC_WARN_64_TO_32_BIT_CONVERSION = YES;
				GCC_WARN_ABOUT_RETURN_TYPE = YES_ERROR;
				GCC_WARN_UNDECLARED_SELECTOR = YES;
				GCC_WARN_UNINITIALIZED_AUTOS = YES_AGGRESSIVE;
				GCC_WARN_UNUSED_FUNCTION = YES;
				GCC_WARN_UNUSED_VARIABLE = YES;
				IPHONEOS_DEPLOYMENT_TARGET = 13.2;
				MTL_ENABLE_DEBUG_INFO = NO;
				MTL_FAST_MATH = YES;
				SDKROOT = iphoneos;
				SWIFT_COMPILATION_MODE = wholemodule;
				SWIFT_OPTIMIZATION_LEVEL = "-O";
				VALIDATE_PRODUCT = YES;
			};
			name = Release;
		};
		586F550A2495129F00CFC0B4 /* Debug */ = {
			isa = XCBuildConfiguration;
			buildSettings = {
				ASSETCATALOG_COMPILER_APPICON_NAME = AppIcon;
				CODE_SIGN_STYLE = Automatic;
				DEVELOPMENT_TEAM = FPH78JW9WA;
				INFOPLIST_FILE = MarvelHeroes/Info.plist;
				IPHONEOS_DEPLOYMENT_TARGET = 13.2;
				LD_RUNPATH_SEARCH_PATHS = (
					"$(inherited)",
					"@executable_path/Frameworks",
				);
				PRODUCT_BUNDLE_IDENTIFIER = com.israel3D.MarvelHeroes;
				PRODUCT_NAME = "$(TARGET_NAME)";
				SWIFT_VERSION = 5.0;
				TARGETED_DEVICE_FAMILY = 1;
			};
			name = Debug;
		};
		586F550B2495129F00CFC0B4 /* Release */ = {
			isa = XCBuildConfiguration;
			buildSettings = {
				ASSETCATALOG_COMPILER_APPICON_NAME = AppIcon;
				CODE_SIGN_STYLE = Automatic;
				DEVELOPMENT_TEAM = FPH78JW9WA;
				INFOPLIST_FILE = MarvelHeroes/Info.plist;
				IPHONEOS_DEPLOYMENT_TARGET = 13.2;
				LD_RUNPATH_SEARCH_PATHS = (
					"$(inherited)",
					"@executable_path/Frameworks",
				);
				PRODUCT_BUNDLE_IDENTIFIER = com.israel3D.MarvelHeroes;
				PRODUCT_NAME = "$(TARGET_NAME)";
				SWIFT_VERSION = 5.0;
				TARGETED_DEVICE_FAMILY = 1;
			};
			name = Release;
		};
		586F550D2495129F00CFC0B4 /* Debug */ = {
			isa = XCBuildConfiguration;
			buildSettings = {
				ALWAYS_EMBED_SWIFT_STANDARD_LIBRARIES = YES;
				BUNDLE_LOADER = "$(TEST_HOST)";
				CODE_SIGN_STYLE = Automatic;
				DEVELOPMENT_TEAM = FPH78JW9WA;
				INFOPLIST_FILE = MarvelHeroesTests/Info.plist;
				IPHONEOS_DEPLOYMENT_TARGET = 13.2;
				LD_RUNPATH_SEARCH_PATHS = (
					"$(inherited)",
					"@executable_path/Frameworks",
					"@loader_path/Frameworks",
				);
				PRODUCT_BUNDLE_IDENTIFIER = com.israel3D.MarvelHeroesTests;
				PRODUCT_NAME = "$(TARGET_NAME)";
				SWIFT_VERSION = 5.0;
				TARGETED_DEVICE_FAMILY = "1,2";
				TEST_HOST = "$(BUILT_PRODUCTS_DIR)/MarvelHeroes.app/MarvelHeroes";
			};
			name = Debug;
		};
		586F550E2495129F00CFC0B4 /* Release */ = {
			isa = XCBuildConfiguration;
			buildSettings = {
				ALWAYS_EMBED_SWIFT_STANDARD_LIBRARIES = YES;
				BUNDLE_LOADER = "$(TEST_HOST)";
				CODE_SIGN_STYLE = Automatic;
				DEVELOPMENT_TEAM = FPH78JW9WA;
				INFOPLIST_FILE = MarvelHeroesTests/Info.plist;
				IPHONEOS_DEPLOYMENT_TARGET = 13.2;
				LD_RUNPATH_SEARCH_PATHS = (
					"$(inherited)",
					"@executable_path/Frameworks",
					"@loader_path/Frameworks",
				);
				PRODUCT_BUNDLE_IDENTIFIER = com.israel3D.MarvelHeroesTests;
				PRODUCT_NAME = "$(TARGET_NAME)";
				SWIFT_VERSION = 5.0;
				TARGETED_DEVICE_FAMILY = "1,2";
				TEST_HOST = "$(BUILT_PRODUCTS_DIR)/MarvelHeroes.app/MarvelHeroes";
			};
			name = Release;
		};
/* End XCBuildConfiguration section */

/* Begin XCConfigurationList section */
		586F54E52495129900CFC0B4 /* Build configuration list for PBXProject "MarvelHeroes" */ = {
			isa = XCConfigurationList;
			buildConfigurations = (
				586F55072495129F00CFC0B4 /* Debug */,
				586F55082495129F00CFC0B4 /* Release */,
			);
			defaultConfigurationIsVisible = 0;
			defaultConfigurationName = Release;
		};
		586F55092495129F00CFC0B4 /* Build configuration list for PBXNativeTarget "MarvelHeroes" */ = {
			isa = XCConfigurationList;
			buildConfigurations = (
				586F550A2495129F00CFC0B4 /* Debug */,
				586F550B2495129F00CFC0B4 /* Release */,
			);
			defaultConfigurationIsVisible = 0;
			defaultConfigurationName = Release;
		};
		586F550C2495129F00CFC0B4 /* Build configuration list for PBXNativeTarget "MarvelHeroesTests" */ = {
			isa = XCConfigurationList;
			buildConfigurations = (
				586F550D2495129F00CFC0B4 /* Debug */,
				586F550E2495129F00CFC0B4 /* Release */,
			);
			defaultConfigurationIsVisible = 0;
			defaultConfigurationName = Release;
		};
/* End XCConfigurationList section */

/* Begin XCVersionGroup section */
		584BAFFC2498689B00F27260 /* HeroDataModel.xcdatamodeld */ = {
			isa = XCVersionGroup;
			children = (
				584BAFFD2498689B00F27260 /* HeroDataModel.xcdatamodel */,
			);
			currentVersion = 584BAFFD2498689B00F27260 /* HeroDataModel.xcdatamodel */;
			path = HeroDataModel.xcdatamodeld;
			sourceTree = "<group>";
			versionGroupType = wrapper.xcdatamodel;
		};
/* End XCVersionGroup section */
	};
	rootObject = 586F54E22495129900CFC0B4 /* Project object */;
}
